{
  "name": "bookcatalogue",
  "version": "1.0.0",
  "lockfileVersion": 2,
  "requires": true,
  "packages": {
    "": {
      "name": "bookcatalogue",
      "version": "1.0.0",
      "license": "ISC",
      "dependencies": {
        "airtable": "^0.11.0",
        "dotenv": "^8.2.0"
      }
    },
    "node_modules/@types/node": {
      "version": "14.14.41",
      "license": "MIT"
    },
    "node_modules/abort-controller": {
      "version": "3.0.0",
      "license": "MIT",
      "dependencies": {
        "event-target-shim": "^5.0.0"
      },
      "engines": {
        "node": ">=6.5"
      }
    },
    "node_modules/abortcontroller-polyfill": {
      "version": "1.7.1",
      "license": "MIT"
    },
    "node_modules/airtable": {
      "version": "0.11.0",
      "license": "MIT",
      "dependencies": {
        "@types/node": ">=8.0.0 <15",
        "abort-controller": "^3.0.0",
        "abortcontroller-polyfill": "^1.4.0",
        "lodash": "^4.17.19",
        "node-fetch": "^2.6.1"
      },
      "engines": {
        "node": ">=8.0.0"
      }
    },
    "node_modules/dotenv": {
      "version": "8.2.0",
      "license": "BSD-2-Clause",
      "engines": {
        "node": ">=8"
      }
    },
    "node_modules/event-target-shim": {
      "version": "5.0.1",
      "license": "MIT",
      "engines": {
        "node": ">=6"
      }
    },
    "node_modules/lodash": {
      "version": "4.17.21",
      "license": "MIT"
    },
    "node_modules/node-fetch": {
      "version": "2.6.1",
      "license": "MIT",
      "engines": {
        "node": "4.x || >=6.0.0"
      }
    }
  },
  "dependencies": {
    "@types/node": {
      "version": "14.14.41"
    },
    "abort-controller": {
      "version": "3.0.0",
      "requires": {
        "event-target-shim": "^5.0.0"
      }
    },
    "abortcontroller-polyfill": {
      "version": "1.7.1"
    },
    "airtable": {
      "version": "0.11.0",
      "requires": {
        "@types/node": ">=8.0.0 <15",
        "abort-controller": "^3.0.0",
        "abortcontroller-polyfill": "^1.4.0",
        "lodash": "^4.17.19",
        "node-fetch": "^2.6.1"
      }
    },
    "dotenv": {
      "version": "8.2.0"
    },
    "event-target-shim": {
      "version": "5.0.1"
    },
    "lodash": {
      "version": "4.17.21"
    },
    "node-fetch": {
      "version": "2.6.1"
    }
  }
}
